{
    "_readme": [
        "This file locks the dependencies of your project to a known state",
        "Read more about it at https://getcomposer.org/doc/01-basic-usage.md#installing-dependencies",
        "This file is @generated automatically"
    ],
    "content-hash": "853b3f7dd2b72bf40a71e90810a702c8",
    "packages": [
        {
            "name": "doctrine/inflector",
            "version": "1.4.4",
            "source": {
                "type": "git",
                "url": "https://github.com/doctrine/inflector.git",
                "reference": "4bd5c1cdfcd00e9e2d8c484f79150f67e5d355d9"
            },
            "dist": {
                "type": "zip",
                "url": "https://api.github.com/repos/doctrine/inflector/zipball/4bd5c1cdfcd00e9e2d8c484f79150f67e5d355d9",
                "reference": "4bd5c1cdfcd00e9e2d8c484f79150f67e5d355d9",
                "shasum": ""
            },
            "require": {
                "php": "^7.1 || ^8.0"
            },
            "require-dev": {
                "doctrine/coding-standard": "^8.0",
                "phpstan/phpstan": "^0.12",
                "phpstan/phpstan-phpunit": "^0.12",
                "phpstan/phpstan-strict-rules": "^0.12",
                "phpunit/phpunit": "^7.0 || ^8.0 || ^9.0"
            },
            "type": "library",
            "extra": {
                "branch-alias": {
                    "dev-master": "2.0.x-dev"
                }
            },
            "autoload": {
                "psr-4": {
                    "Doctrine\\Common\\Inflector\\": "lib/Doctrine/Common/Inflector",
                    "Doctrine\\Inflector\\": "lib/Doctrine/Inflector"
                }
            },
            "notification-url": "https://packagist.org/downloads/",
            "license": [
                "MIT"
            ],
            "authors": [
                {
                    "name": "Guilherme Blanco",
                    "email": "guilhermeblanco@gmail.com"
                },
                {
                    "name": "Roman Borschel",
                    "email": "roman@code-factory.org"
                },
                {
                    "name": "Benjamin Eberlei",
                    "email": "kontakt@beberlei.de"
                },
                {
                    "name": "Jonathan Wage",
                    "email": "jonwage@gmail.com"
                },
                {
                    "name": "Johannes Schmitt",
                    "email": "schmittjoh@gmail.com"
                }
            ],
            "description": "PHP Doctrine Inflector is a small library that can perform string manipulations with regard to upper/lowercase and singular/plural forms of words.",
            "homepage": "https://www.doctrine-project.org/projects/inflector.html",
            "keywords": [
                "inflection",
                "inflector",
                "lowercase",
                "manipulation",
                "php",
                "plural",
                "singular",
                "strings",
                "uppercase",
                "words"
            ],
            "support": {
                "issues": "https://github.com/doctrine/inflector/issues",
                "source": "https://github.com/doctrine/inflector/tree/1.4.4"
            },
            "funding": [
                {
                    "url": "https://www.doctrine-project.org/sponsorship.html",
                    "type": "custom"
                },
                {
                    "url": "https://www.patreon.com/phpdoctrine",
                    "type": "patreon"
                },
                {
                    "url": "https://tidelift.com/funding/github/packagist/doctrine%2Finflector",
                    "type": "tidelift"
                }
            ],
            "time": "2021-04-16T17:34:40+00:00"
        },
        {
            "name": "mysql-workbench-schema-exporter/mysql-workbench-schema-exporter",
            "version": "v3.1.4",
            "source": {
                "type": "git",
                "url": "https://github.com/mysql-workbench-schema-exporter/mysql-workbench-schema-exporter.git",
                "reference": "91a21da13947c966b5b940681b8e07d39219d18f"
            },
            "dist": {
                "type": "zip",
                "url": "https://api.github.com/repos/mysql-workbench-schema-exporter/mysql-workbench-schema-exporter/zipball/91a21da13947c966b5b940681b8e07d39219d18f",
                "reference": "91a21da13947c966b5b940681b8e07d39219d18f",
                "shasum": ""
            },
            "require": {
                "doctrine/inflector": "^1.0.0",
                "php": ">=5.4.0"
            },
            "bin": [
                "bin/mysql-workbench-schema-export",
                "bin/update-sql-reserved-words"
            ],
            "type": "library",
            "autoload": {
                "psr-4": {
                    "MwbExporter\\": "lib/"
                }
            },
            "notification-url": "https://packagist.org/downloads/",
            "license": [
                "MIT"
            ],
            "authors": [
                {
                    "name": "Johannes Mueller",
                    "email": "circus2@web.de",
                    "role": "Developer"
                },
                {
                    "name": "Toha",
                    "email": "tohenk@yahoo.com",
                    "role": "Developer"
                },
                {
                    "name": "Robert Vock",
                    "email": "robertvock82@gmail.com",
                    "role": "Developer"
                }
            ],
            "description": "MySQL Workbench Schema Exporter",
            "homepage": "https://github.com/mysql-workbench-schema-exporter/mysql-workbench-schema-exporter",
            "keywords": [
                "cli",
                "database",
                "doctrine",
                "extjs",
                "mysql",
                "mysql workbench",
                "propel",
                "sequelizejs",
                "zend"
            ],
            "support": {
                "issues": "https://github.com/mysql-workbench-schema-exporter/mysql-workbench-schema-exporter/issues",
                "source": "https://github.com/mysql-workbench-schema-exporter/mysql-workbench-schema-exporter/tree/v3.1.4"
            },
            "time": "2021-02-12T13:01:12+00:00"
        },
        {
            "name": "mysql-workbench-schema-exporter/node-exporter",
            "version": "v3.1.1",
            "source": {
                "type": "git",
                "url": "https://github.com/mysql-workbench-schema-exporter/node-exporter.git",
                "reference": "fda8443708f589bd40aa93e88b4341ecbe16e42f"
            },
            "dist": {
                "type": "zip",
                "url": "https://api.github.com/repos/mysql-workbench-schema-exporter/node-exporter/zipball/fda8443708f589bd40aa93e88b4341ecbe16e42f",
                "reference": "fda8443708f589bd40aa93e88b4341ecbe16e42f",
                "shasum": ""
            },
            "require": {
                "mysql-workbench-schema-exporter/mysql-workbench-schema-exporter": "^3.1",
                "php": ">=5.4.0"
            },
            "type": "library",
            "extra": {
                "mysql-workbench-schema-exporter": {
                    "formatters": {
                        "node-sequelize5": "MwbExporter\\Formatter\\Node\\Sequelize5\\Formatter",
                        "node-sequelize6": "MwbExporter\\Formatter\\Node\\Sequelize6\\Formatter"
                    }
                }
            },
            "autoload": {
                "psr-4": {
                    "MwbExporter\\Formatter\\Node\\": "lib/"
                }
            },
            "notification-url": "https://packagist.org/downloads/",
            "license": [
                "MIT"
            ],
            "authors": [
                {
                    "name": "Johannes Mueller",
                    "email": "circus2@web.de",
                    "role": "Developer"
                },
                {
                    "name": "Toha",
                    "email": "tohenk@yahoo.com",
                    "role": "Developer"
                },
                {
                    "name": "Robert Vock",
                    "email": "robertvock82@gmail.com",
                    "role": "Developer"
                }
            ],
            "description": "MySQL Workbench Schema Exporter for Sequelizejs",
            "homepage": "https://github.com/mysql-workbench-schema-exporter/node-exporter",
            "keywords": [
                "cli",
                "database",
                "mysql",
                "mysql workbench",
                "sequelizejs"
            ],
            "support": {
                "issues": "https://github.com/mysql-workbench-schema-exporter/node-exporter/issues",
                "source": "https://github.com/mysql-workbench-schema-exporter/node-exporter/tree/v3.1.1"
            },
            "time": "2020-07-19T14:04:44+00:00"
        }
    ],
    "packages-dev": [
        {
            "name": "mysql-workbench-schema-exporter/doctrine2-exporter",
            "version": "v3.1.3",
            "source": {
                "type": "git",
                "url": "https://github.com/mysql-workbench-schema-exporter/doctrine2-exporter.git",
                "reference": "cb791d164c7d97c93269cbdf6c8fbfc0fff2daf9"
            },
            "dist": {
                "type": "zip",
                "url": "https://api.github.com/repos/mysql-workbench-schema-exporter/doctrine2-exporter/zipball/cb791d164c7d97c93269cbdf6c8fbfc0fff2daf9",
                "reference": "cb791d164c7d97c93269cbdf6c8fbfc0fff2daf9",
                "shasum": ""
            },
            "require": {
                "mysql-workbench-schema-exporter/mysql-workbench-schema-exporter": "^3.1",
                "php": ">=5.4.0"
            },
            "type": "library",
            "extra": {
                "mysql-workbench-schema-exporter": {
                    "formatters": {
                        "doctrine2-annotation": "MwbExporter\\Formatter\\Doctrine2\\Annotation\\Formatter",
                        "doctrine2-yaml": "MwbExporter\\Formatter\\Doctrine2\\Yaml\\Formatter",
                        "doctrine2-zf2inputfilterannotation": "MwbExporter\\Formatter\\Doctrine2\\ZF2InputFilterAnnotation\\Formatter"
                    }
                }
            },
            "autoload": {
                "psr-4": {
                    "MwbExporter\\Formatter\\Doctrine2\\": "lib/"
                }
            },
            "notification-url": "https://packagist.org/downloads/",
            "license": [
                "MIT"
            ],
            "authors": [
                {
                    "name": "Johannes Mueller",
                    "email": "circus2@web.de",
                    "role": "Developer"
                },
                {
                    "name": "Toha",
                    "email": "tohenk@yahoo.com",
                    "role": "Developer"
                },
                {
                    "name": "Robert Vock",
                    "email": "robertvock82@gmail.com",
                    "role": "Developer"
                }
            ],
            "description": "MySQL Workbench Schema Exporter for Doctrine 2",
            "homepage": "https://github.com/mysql-workbench-schema-exporter/doctrine2-exporter",
            "keywords": [
                "cli",
                "database",
                "doctrine",
                "mysql",
                "mysql workbench"
            ],
            "support": {
                "issues": "https://github.com/mysql-workbench-schema-exporter/doctrine2-exporter/issues",
                "source": "https://github.com/mysql-workbench-schema-exporter/doctrine2-exporter/tree/v3.1.3"
            },
            "time": "2020-09-29T08:49:14+00:00"
        }
    ],
    "aliases": [],
    "minimum-stability": "stable",
    "stability-flags": [],
    "prefer-stable": false,
    "prefer-lowest": false,
    "platform": [],
    "platform-dev": [],
    "plugin-api-version": "2.1.0"
}
